// !$*UTF8*$!
{
	archiveVersion = 1;
	classes = {
	};
	objectVersion = 46;
	objects = {

/* Begin PBXBuildFile section */
		4B416E7A1A29147800981943 /* main.m in Sources */ = {isa = PBXBuildFile; fileRef = 4B416E791A29147800981943 /* main.m */; };
		4B416E7D1A29147800981943 /* AppDelegate.m in Sources */ = {isa = PBXBuildFile; fileRef = 4B416E7C1A29147800981943 /* AppDelegate.m */; };
		4B416E801A29147800981943 /* ViewController.m in Sources */ = {isa = PBXBuildFile; fileRef = 4B416E7F1A29147800981943 /* ViewController.m */; };
		4B416E831A29147800981943 /* Main.storyboard in Resources */ = {isa = PBXBuildFile; fileRef = 4B416E811A29147800981943 /* Main.storyboard */; };
		4B416E851A29147800981943 /* Images.xcassets in Resources */ = {isa = PBXBuildFile; fileRef = 4B416E841A29147800981943 /* Images.xcassets */; };
		4B416E881A29147800981943 /* LaunchScreen.xib in Resources */ = {isa = PBXBuildFile; fileRef = 4B416E861A29147800981943 /* LaunchScreen.xib */; };
		4B416E941A29147800981943 /* MetalTests.m in Sources */ = {isa = PBXBuildFile; fileRef = 4B416E931A29147800981943 /* MetalTests.m */; };
		4B416E9E1A29148A00981943 /* Metal.framework in Frameworks */ = {isa = PBXBuildFile; fileRef = 4B416E9D1A29148A00981943 /* Metal.framework */; };
		4B416EA01A29149800981943 /* QuartzCore.framework in Frameworks */ = {isa = PBXBuildFile; fileRef = 4B416E9F1A29149800981943 /* QuartzCore.framework */; };
		4B416EA41A29153800981943 /* MetalView.m in Sources */ = {isa = PBXBuildFile; fileRef = 4B416EA31A29153800981943 /* MetalView.m */; };
		4B416EA61A2ABE1C00981943 /* Shaders.metal in Sources */ = {isa = PBXBuildFile; fileRef = 4B416EA51A2ABE1C00981943 /* Shaders.metal */; };
/* End PBXBuildFile section */

/* Begin PBXContainerItemProxy section */
		4B416E8E1A29147800981943 /* PBXContainerItemProxy */ = {
			isa = PBXContainerItemProxy;
			containerPortal = 4B416E6C1A29147800981943 /* Project object */;
			proxyType = 1;
			remoteGlobalIDString = 4B416E731A29147800981943;
			remoteInfo = Metal;
		};
/* End PBXContainerItemProxy section */

/* Begin PBXFileReference section */
		4B416E741A29147800981943 /* Metal.app */ = {isa = PBXFileReference; explicitFileType = wrapper.application; includeInIndex = 0; path = Metal.app; sourceTree = BUILT_PRODUCTS_DIR; };
		4B416E781A29147800981943 /* Info.plist */ = {isa = PBXFileReference; lastKnownFileType = text.plist.xml; path = Info.plist; sourceTree = "<group>"; };
		4B416E791A29147800981943 /* main.m */ = {isa = PBXFileReference; lastKnownFileType = sourcecode.c.objc; path = main.m; sourceTree = "<group>"; };
		4B416E7B1A29147800981943 /* AppDelegate.h */ = {isa = PBXFileReference; lastKnownFileType = sourcecode.c.h; path = AppDelegate.h; sourceTree = "<group>"; };
		4B416E7C1A29147800981943 /* AppDelegate.m */ = {isa = PBXFileReference; lastKnownFileType = sourcecode.c.objc; path = AppDelegate.m; sourceTree = "<group>"; };
		4B416E7E1A29147800981943 /* ViewController.h */ = {isa = PBXFileReference; lastKnownFileType = sourcecode.c.h; path = ViewController.h; sourceTree = "<group>"; };
		4B416E7F1A29147800981943 /* ViewController.m */ = {isa = PBXFileReference; lastKnownFileType = sourcecode.c.objc; path = ViewController.m; sourceTree = "<group>"; };
		4B416E821A29147800981943 /* Base */ = {isa = PBXFileReference; lastKnownFileType = file.storyboard; name = Base; path = Base.lproj/Main.storyboard; sourceTree = "<group>"; };
		4B416E841A29147800981943 /* Images.xcassets */ = {isa = PBXFileReference; lastKnownFileType = folder.assetcatalog; path = Images.xcassets; sourceTree = "<group>"; };
		4B416E871A29147800981943 /* Base */ = {isa = PBXFileReference; lastKnownFileType = file.xib; name = Base; path = Base.lproj/LaunchScreen.xib; sourceTree = "<group>"; };
		4B416E8D1A29147800981943 /* MetalTests.xctest */ = {isa = PBXFileReference; explicitFileType = wrapper.cfbundle; includeInIndex = 0; path = MetalTests.xctest; sourceTree = BUILT_PRODUCTS_DIR; };
		4B416E921A29147800981943 /* Info.plist */ = {isa = PBXFileReference; lastKnownFileType = text.plist.xml; path = Info.plist; sourceTree = "<group>"; };
		4B416E931A29147800981943 /* MetalTests.m */ = {isa = PBXFileReference; lastKnownFileType = sourcecode.c.objc; path = MetalTests.m; sourceTree = "<group>"; };
		4B416E9D1A29148A00981943 /* Metal.framework */ = {isa = PBXFileReference; lastKnownFileType = wrapper.framework; name = Metal.framework; path = System/Library/Frameworks/Metal.framework; sourceTree = SDKROOT; };
		4B416E9F1A29149800981943 /* QuartzCore.framework */ = {isa = PBXFileReference; lastKnownFileType = wrapper.framework; name = QuartzCore.framework; path = System/Library/Frameworks/QuartzCore.framework; sourceTree = SDKROOT; };
		4B416EA21A29153800981943 /* MetalView.h */ = {isa = PBXFileReference; fileEncoding = 4; lastKnownFileType = sourcecode.c.h; path = MetalView.h; sourceTree = "<group>"; };
		4B416EA31A29153800981943 /* MetalView.m */ = {isa = PBXFileReference; fileEncoding = 4; lastKnownFileType = sourcecode.c.objc; path = MetalView.m; sourceTree = "<group>"; };
		4B416EA51A2ABE1C00981943 /* Shaders.metal */ = {isa = PBXFileReference; fileEncoding = 4; lastKnownFileType = sourcecode.metal; path = Shaders.metal; sourceTree = "<group>"; };
/* End PBXFileReference section */

/* Begin PBXFrameworksBuildPhase section */
		4B416E711A29147800981943 /* Frameworks */ = {
			isa = PBXFrameworksBuildPhase;
			buildActionMask = 2147483647;
			files = (
				4B416EA01A29149800981943 /* QuartzCore.framework in Frameworks */,
				4B416E9E1A29148A00981943 /* Metal.framework in Frameworks */,
			);
			runOnlyForDeploymentPostprocessing = 0;
		};
		4B416E8A1A29147800981943 /* Frameworks */ = {
			isa = PBXFrameworksBuildPhase;
			buildActionMask = 2147483647;
			files = (
			);
			runOnlyForDeploymentPostprocessing = 0;
		};
/* End PBXFrameworksBuildPhase section */

/* Begin PBXGroup section */
		4B416E6B1A29147800981943 = {
			isa = PBXGroup;
			children = (
				4B416E9F1A29149800981943 /* QuartzCore.framework */,
				4B416E9D1A29148A00981943 /* Metal.framework */,
				4B416E761A29147800981943 /* Metal */,
				4B416E901A29147800981943 /* MetalTests */,
				4B416E751A29147800981943 /* Products */,
			);
			sourceTree = "<group>";
		};
		4B416E751A29147800981943 /* Products */ = {
			isa = PBXGroup;
			children = (
				4B416E741A29147800981943 /* Metal.app */,
				4B416E8D1A29147800981943 /* MetalTests.xctest */,
			);
			name = Products;
			sourceTree = "<group>";
		};
		4B416E761A29147800981943 /* Metal */ = {
			isa = PBXGroup;
			children = (
				4B416E7B1A29147800981943 /* AppDelegate.h */,
				4B416E7C1A29147800981943 /* AppDelegate.m */,
				4B416E7E1A29147800981943 /* ViewController.h */,
				4B416E7F1A29147800981943 /* ViewController.m */,
				4B416EA51A2ABE1C00981943 /* Shaders.metal */,
				4B416EA11A29152600981943 /* Examples */,
				4B416E811A29147800981943 /* Main.storyboard */,
				4B416E841A29147800981943 /* Images.xcassets */,
				4B416E861A29147800981943 /* LaunchScreen.xib */,
				4B416E771A29147800981943 /* Supporting Files */,
			);
			path = Metal;
			sourceTree = "<group>";
		};
		4B416E771A29147800981943 /* Supporting Files */ = {
			isa = PBXGroup;
			children = (
				4B416E781A29147800981943 /* Info.plist */,
				4B416E791A29147800981943 /* main.m */,
			);
			name = "Supporting Files";
			sourceTree = "<group>";
		};
		4B416E901A29147800981943 /* MetalTests */ = {
			isa = PBXGroup;
			children = (
				4B416E931A29147800981943 /* MetalTests.m */,
				4B416E911A29147800981943 /* Supporting Files */,
			);
			path = MetalTests;
			sourceTree = "<group>";
		};
		4B416E911A29147800981943 /* Supporting Files */ = {
			isa = PBXGroup;
			children = (
				4B416E921A29147800981943 /* Info.plist */,
			);
			name = "Supporting Files";
			sourceTree = "<group>";
		};
		4B416EA11A29152600981943 /* Examples */ = {
			isa = PBXGroup;
			children = (
				4B416EA21A29153800981943 /* MetalView.h */,
				4B416EA31A29153800981943 /* MetalView.m */,
			);
			name = Examples;
			sourceTree = "<group>";
		};
/* End PBXGroup section */

/* Begin PBXNativeTarget section */
		4B416E731A29147800981943 /* Metal */ = {
			isa = PBXNativeTarget;
			buildConfigurationList = 4B416E971A29147800981943 /* Build configuration list for PBXNativeTarget "Metal" */;
			buildPhases = (
				4B416E701A29147800981943 /* Sources */,
				4B416E711A29147800981943 /* Frameworks */,
				4B416E721A29147800981943 /* Resources */,
			);
			buildRules = (
			);
			dependencies = (
			);
			name = Metal;
			productName = Metal;
			productReference = 4B416E741A29147800981943 /* Metal.app */;
			productType = "com.apple.product-type.application";
		};
		4B416E8C1A29147800981943 /* MetalTests */ = {
			isa = PBXNativeTarget;
			buildConfigurationList = 4B416E9A1A29147800981943 /* Build configuration list for PBXNativeTarget "MetalTests" */;
			buildPhases = (
				4B416E891A29147800981943 /* Sources */,
				4B416E8A1A29147800981943 /* Frameworks */,
				4B416E8B1A29147800981943 /* Resources */,
			);
			buildRules = (
			);
			dependencies = (
				4B416E8F1A29147800981943 /* PBXTargetDependency */,
			);
			name = MetalTests;
			productName = MetalTests;
			productReference = 4B416E8D1A29147800981943 /* MetalTests.xctest */;
			productType = "com.apple.product-type.bundle.unit-test";
		};
/* End PBXNativeTarget section */

/* Begin PBXProject section */
		4B416E6C1A29147800981943 /* Project object */ = {
			isa = PBXProject;
			attributes = {
				LastUpgradeCheck = 0610;
				ORGANIZATIONNAME = "Sam Symons";
				TargetAttributes = {
					4B416E731A29147800981943 = {
						CreatedOnToolsVersion = 6.1;
					};
					4B416E8C1A29147800981943 = {
						CreatedOnToolsVersion = 6.1;
						TestTargetID = 4B416E731A29147800981943;
					};
				};
			};
			buildConfigurationList = 4B416E6F1A29147800981943 /* Build configuration list for PBXProject "Metal" */;
			compatibilityVersion = "Xcode 3.2";
			developmentRegion = English;
			hasScannedForEncodings = 0;
			knownRegions = (
				en,
				Base,
			);
			mainGroup = 4B416E6B1A29147800981943;
			productRefGroup = 4B416E751A29147800981943 /* Products */;
			projectDirPath = "";
			projectRoot = "";
			targets = (
				4B416E731A29147800981943 /* Metal */,
				4B416E8C1A29147800981943 /* MetalTests */,
			);
		};
/* End PBXProject section */

/* Begin PBXResourcesBuildPhase section */
		4B416E721A29147800981943 /* Resources */ = {
			isa = PBXResourcesBuildPhase;
			buildActionMask = 2147483647;
			files = (
				4B416E831A29147800981943 /* Main.storyboard in Resources */,
				4B416E881A29147800981943 /* LaunchScreen.xib in Resources */,
				4B416E851A29147800981943 /* Images.xcassets in Resources */,
			);
			runOnlyForDeploymentPostprocessing = 0;
		};
		4B416E8B1A29147800981943 /* Resources */ = {
			isa = PBXResourcesBuildPhase;
			buildActionMask = 2147483647;
			files = (
			);
			runOnlyForDeploymentPostprocessing = 0;
		};
/* End PBXResourcesBuildPhase section */

/* Begin PBXSourcesBuildPhase section */
		4B416E701A29147800981943 /* Sources */ = {
			isa = PBXSourcesBuildPhase;
			buildActionMask = 2147483647;
			files = (
				4B416EA41A29153800981943 /* MetalView.m in Sources */,
				4B416E801A29147800981943 /* ViewController.m in Sources */,
				4B416E7D1A29147800981943 /* AppDelegate.m in Sources */,
				4B416E7A1A29147800981943 /* main.m in Sources */,
				4B416EA61A2ABE1C00981943 /* Shaders.metal in Sources */,
			);
			runOnlyForDeploymentPostprocessing = 0;
		};
		4B416E891A29147800981943 /* Sources */ = {
			isa = PBXSourcesBuildPhase;
			buildActionMask = 2147483647;
			files = (
				4B416E941A29147800981943 /* MetalTests.m in Sources */,
			);
			runOnlyForDeploymentPostprocessing = 0;
		};
/* End PBXSourcesBuildPhase section */

/* Begin PBXTargetDependency section */
		4B416E8F1A29147800981943 /* PBXTargetDependency */ = {
			isa = PBXTargetDependency;
			target = 4B416E731A29147800981943 /* Metal */;
			targetProxy = 4B416E8E1A29147800981943 /* PBXContainerItemProxy */;
		};
/* End PBXTargetDependency section */

/* Begin PBXVariantGroup section */
		4B416E811A29147800981943 /* Main.storyboard */ = {
			isa = PBXVariantGroup;
			children = (
				4B416E821A29147800981943 /* Base */,
			);
			name = Main.storyboard;
			sourceTree = "<group>";
		};
		4B416E861A29147800981943 /* LaunchScreen.xib */ = {
			isa = PBXVariantGroup;
			children = (
				4B416E871A29147800981943 /* Base */,
			);
			name = LaunchScreen.xib;
			sourceTree = "<group>";
		};
/* End PBXVariantGroup section */

/* Begin XCBuildConfiguration section */
		4B416E951A29147800981943 /* Debug */ = {
			isa = XCBuildConfiguration;
			buildSettings = {
				ALWAYS_SEARCH_USER_PATHS = NO;
				CLANG_CXX_LANGUAGE_STANDARD = "gnu++0x";
				CLANG_CXX_LIBRARY = "libc++";
				CLANG_ENABLE_MODULES = YES;
				CLANG_ENABLE_OBJC_ARC = YES;
				CLANG_WARN_BOOL_CONVERSION = YES;
				CLANG_WARN_CONSTANT_CONVERSION = YES;
				CLANG_WARN_DIRECT_OBJC_ISA_USAGE = YES_ERROR;
				CLANG_WARN_EMPTY_BODY = YES;
				CLANG_WARN_ENUM_CONVERSION = YES;
				CLANG_WARN_INT_CONVERSION = YES;
				CLANG_WARN_OBJC_ROOT_CLASS = YES_ERROR;
				CLANG_WARN_UNREACHABLE_CODE = YES;
				CLANG_WARN__DUPLICATE_METHOD_MATCH = YES;
				"CODE_SIGN_IDENTITY[sdk=iphoneos*]" = "iPhone Developer";
				COPY_PHASE_STRIP = NO;
				ENABLE_STRICT_OBJC_MSGSEND = YES;
				GCC_C_LANGUAGE_STANDARD = gnu99;
				GCC_DYNAMIC_NO_PIC = NO;
				GCC_OPTIMIZATION_LEVEL = 0;
				GCC_PREPROCESSOR_DEFINITIONS = (
					"DEBUG=1",
					"$(inherited)",
				);
				GCC_SYMBOLS_PRIVATE_EXTERN = NO;
				GCC_WARN_64_TO_32_BIT_CONVERSION = YES;
				GCC_WARN_ABOUT_RETURN_TYPE = YES_ERROR;
				GCC_WARN_UNDECLARED_SELECTOR = YES;
				GCC_WARN_UNINITIALIZED_AUTOS = YES_AGGRESSIVE;
				GCC_WARN_UNUSED_FUNCTION = YES;
				GCC_WARN_UNUSED_VARIABLE = YES;
				IPHONEOS_DEPLOYMENT_TARGET = 8.1;
				MTL_ENABLE_DEBUG_INFO = YES;
				ONLY_ACTIVE_ARCH = YES;
				SDKROOT = iphoneos;
			};
			name = Debug;
		};
		4B416E961A29147800981943 /* Release */ = {
			isa = XCBuildConfiguration;
			buildSettings = {
				ALWAYS_SEARCH_USER_PATHS = NO;
				CLANG_CXX_LANGUAGE_STANDARD = "gnu++0x";
				CLANG_CXX_LIBRARY = "libc++";
				CLANG_ENABLE_MODULES = YES;
				CLANG_ENABLE_OBJC_ARC = YES;
				CLANG_WARN_BOOL_CONVERSION = YES;
				CLANG_WARN_CONSTANT_CONVERSION = YES;
				CLANG_WARN_DIRECT_OBJC_ISA_USAGE = YES_ERROR;
				CLANG_WARN_EMPTY_BODY = YES;
				CLANG_WARN_ENUM_CONVERSION = YES;
				CLANG_WARN_INT_CONVERSION = YES;
				CLANG_WARN_OBJC_ROOT_CLASS = YES_ERROR;
				CLANG_WARN_UNREACHABLE_CODE = YES;
				CLANG_WARN__DUPLICATE_METHOD_MATCH = YES;
				"CODE_SIGN_IDENTITY[sdk=iphoneos*]" = "iPhone Developer";
				COPY_PHASE_STRIP = YES;
				ENABLE_NS_ASSERTIONS = NO;
				ENABLE_STRICT_OBJC_MSGSEND = YES;
				GCC_C_LANGUAGE_STANDARD = gnu99;
				GCC_WARN_64_TO_32_BIT_CONVERSION = YES;
				GCC_WARN_ABOUT_RETURN_TYPE = YES_ERROR;
				GCC_WARN_UNDECLARED_SELECTOR = YES;
				GCC_WARN_UNINITIALIZED_AUTOS = YES_AGGRESSIVE;
				GCC_WARN_UNUSED_FUNCTION = YES;
				GCC_WARN_UNUSED_VARIABLE = YES;
				IPHONEOS_DEPLOYMENT_TARGET = 8.1;
				MTL_ENABLE_DEBUG_INFO = NO;
				SDKROOT = iphoneos;
				VALIDATE_PRODUCT = YES;
			};
			name = Release;
		};
		4B416E981A29147800981943 /* Debug */ = {
			isa = XCBuildConfiguration;
			buildSettings = {
				ASSETCATALOG_COMPILER_APPICON_NAME = AppIcon;
				INFOPLIST_FILE = Metal/Info.plist;
				LD_RUNPATH_SEARCH_PATHS = "$(inherited) @executable_path/Frameworks";
				PRODUCT_NAME = "$(TARGET_NAME)";
			};
			name = Debug;
		};
		4B416E991A29147800981943 /* Release */ = {
			isa = XCBuildConfiguration;
			buildSettings = {
				ASSETCATALOG_COMPILER_APPICON_NAME = AppIcon;
				INFOPLIST_FILE = Metal/Info.plist;
				LD_RUNPATH_SEARCH_PATHS = "$(inherited) @executable_path/Frameworks";
				PRODUCT_NAME = "$(TARGET_NAME)";
			};
			name = Release;
		};
		4B416E9B1A29147800981943 /* Debug */ = {
			isa = XCBuildConfiguration;
			buildSettings = {
				BUNDLE_LOADER = "$(TEST_HOST)";
				FRAMEWORK_SEARCH_PATHS = (
					"$(SDKROOT)/Developer/Library/Frameworks",
					"$(inherited)",
				);
				GCC_PREPROCESSOR_DEFINITIONS = (
					"DEBUG=1",
					"$(inherited)",
				);
				INFOPLIST_FILE = MetalTests/Info.plist;
				LD_RUNPATH_SEARCH_PATHS = "$(inherited) @executable_path/Frameworks @loader_path/Frameworks";
				PRODUCT_NAME = "$(TARGET_NAME)";
				TEST_HOST = "$(BUILT_PRODUCTS_DIR)/Metal.app/Metal";
			};
			name = Debug;
		};
		4B416E9C1A29147800981943 /* Release */ = {
			isa = XCBuildConfiguration;
			buildSettings = {
				BUNDLE_LOADER = "$(TEST_HOST)";
				FRAMEWORK_SEARCH_PATHS = (
					"$(SDKROOT)/Developer/Library/Frameworks",
					"$(inherited)",
				);
				INFOPLIST_FILE = MetalTests/Info.plist;
				LD_RUNPATH_SEARCH_PATHS = "$(inherited) @executable_path/Frameworks @loader_path/Frameworks";
				PRODUCT_NAME = "$(TARGET_NAME)";
				TEST_HOST = "$(BUILT_PRODUCTS_DIR)/Metal.app/Metal";
			};
			name = Release;
		};
/* End XCBuildConfiguration section */

/* Begin XCConfigurationList section */
		4B416E6F1A29147800981943 /* Build configuration list for PBXProject "Metal" */ = {
			isa = XCConfigurationList;
			buildConfigurations = (
				4B416E951A29147800981943 /* Debug */,
				4B416E961A29147800981943 /* Release */,
			);
			defaultConfigurationIsVisible = 0;
			defaultConfigurationName = Release;
		};
		4B416E971A29147800981943 /* Build configuration list for PBXNativeTarget "Metal" */ = {
			isa = XCConfigurationList;
			buildConfigurations = (
				4B416E981A29147800981943 /* Debug */,
				4B416E991A29147800981943 /* Release */,
			);
			defaultConfigurationIsVisible = 0;
			defaultConfigurationName = Release;
		};
		4B416E9A1A29147800981943 /* Build configuration list for PBXNativeTarget "MetalTests" */ = {
			isa = XCConfigurationList;
			buildConfigurations = (
				4B416E9B1A29147800981943 /* Debug */,
				4B416E9C1A29147800981943 /* Release */,
			);
			defaultConfigurationIsVisible = 0;
			defaultConfigurationName = Release;
		};
/* End XCConfigurationList section */
	};
	rootObject = 4B416E6C1A29147800981943 /* Project object */;
}
